
Microsoft Visual Studio Solution File, Format Version 12.00
# Visual Studio Version 16
VisualStudioVersion = 16.0.30011.22
MinimumVisualStudioVersion = 10.0.40219.1
Project("{FAE04EC0-301F-11D3-BF4B-00C04F79EFBC}") = "ThenDelivery.Server", "ThenDelivery\Server\ThenDelivery.Server.csproj", "{213FAB57-EB1C-4C96-A282-6531D1F4A09D}"
EndProject
Project("{FAE04EC0-301F-11D3-BF4B-00C04F79EFBC}") = "ThenDelivery.Client", "ThenDelivery\Client\ThenDelivery.Client.csproj", "{00728E5E-5D46-49F6-8788-1638AAE2F797}"
EndProject
Project("{FAE04EC0-301F-11D3-BF4B-00C04F79EFBC}") = "ThenDelivery.Shared", "ThenDelivery\Shared\ThenDelivery.Shared.csproj", "{B5BC41DB-32CD-445B-BCD3-251E90A917C5}"
EndProject
Global
	GlobalSection(SolutionConfigurationPlatforms) = preSolution
		Debug|Any CPU = Debug|Any CPU
		Release|Any CPU = Release|Any CPU
	EndGlobalSection
	GlobalSection(ProjectConfigurationPlatforms) = postSolution
		{213FAB57-EB1C-4C96-A282-6531D1F4A09D}.Debug|Any CPU.ActiveCfg = Debug|Any CPU
		{213FAB57-EB1C-4C96-A282-6531D1F4A09D}.Debug|Any CPU.Build.0 = Debug|Any CPU
		{213FAB57-EB1C-4C96-A282-6531D1F4A09D}.Release|Any CPU.ActiveCfg = Release|Any CPU
		{213FAB57-EB1C-4C96-A282-6531D1F4A09D}.Release|Any CPU.Build.0 = Release|Any CPU
		{00728E5E-5D46-49F6-8788-1638AAE2F797}.Debug|Any CPU.ActiveCfg = Debug|Any CPU
		{00728E5E-5D46-49F6-8788-1638AAE2F797}.Debug|Any CPU.Build.0 = Debug|Any CPU
		{00728E5E-5D46-49F6-8788-1638AAE2F797}.Release|Any CPU.ActiveCfg = Release|Any CPU
		{00728E5E-5D46-49F6-8788-1638AAE2F797}.Release|Any CPU.Build.0 = Release|Any CPU
		{B5BC41DB-32CD-445B-BCD3-251E90A917C5}.Debug|Any CPU.ActiveCfg = Debug|Any CPU
		{B5BC41DB-32CD-445B-BCD3-251E90A917C5}.Debug|Any CPU.Build.0 = Debug|Any CPU
		{B5BC41DB-32CD-445B-BCD3-251E90A917C5}.Release|Any CPU.ActiveCfg = Release|Any CPU
		{B5BC41DB-32CD-445B-BCD3-251E90A917C5}.Release|Any CPU.Build.0 = Release|Any CPU
	EndGlobalSection
	GlobalSection(SolutionProperties) = preSolution
		HideSolutionNode = FALSE
	EndGlobalSection
	GlobalSection(ExtensibilityGlobals) = postSolution
		SolutionGuid = {20D91443-B9F6-4262-AED0-056ADB1B0B55}
	EndGlobalSection
EndGlobal
